
Microsoft Visual Studio Solution File, Format Version 12.00
# Visual Studio 15
Project("{FAE04EC0-301F-11D3-BF4B-00C04F79EFBC}") = "Assembly-CSharp", "Assembly-CSharp.csproj", "{16BE1CD4-C290-F829-1A14-EEB55FB0B504}"
EndProject
Project("{FAE04EC0-301F-11D3-BF4B-00C04F79EFBC}") = "Assembly-CSharp-Editor", "Assembly-CSharp-Editor.csproj", "{EE2C9F5B-9228-8E23-8F23-1C0F8F085144}"
EndProject
Global
	GlobalSection(SolutionConfigurationPlatforms) = preSolution
		Debug|Any CPU = Debug|Any CPU
		Release|Any CPU = Release|Any CPU
	EndGlobalSection
	GlobalSection(ProjectConfigurationPlatforms) = postSolution
		{16BE1CD4-C290-F829-1A14-EEB55FB0B504}.Debug|Any CPU.ActiveCfg = Debug|Any CPU
		{16BE1CD4-C290-F829-1A14-EEB55FB0B504}.Debug|Any CPU.Build.0 = Debug|Any CPU
		{16BE1CD4-C290-F829-1A14-EEB55FB0B504}.Release|Any CPU.ActiveCfg = Release|Any CPU
		{16BE1CD4-C290-F829-1A14-EEB55FB0B504}.Release|Any CPU.Build.0 = Release|Any CPU
		{EE2C9F5B-9228-8E23-8F23-1C0F8F085144}.Debug|Any CPU.ActiveCfg = Debug|Any CPU
		{EE2C9F5B-9228-8E23-8F23-1C0F8F085144}.Debug|Any CPU.Build.0 = Debug|Any CPU
		{EE2C9F5B-9228-8E23-8F23-1C0F8F085144}.Release|Any CPU.ActiveCfg = Release|Any CPU
		{EE2C9F5B-9228-8E23-8F23-1C0F8F085144}.Release|Any CPU.Build.0 = Release|Any CPU
	EndGlobalSection
	GlobalSection(SolutionProperties) = preSolution
		HideSolutionNode = FALSE
	EndGlobalSection
EndGlobal
